
Microsoft Visual Studio Solution File, Format Version 12.00
# Visual Studio Version 17
VisualStudioVersion = 17.5.002.0
MinimumVisualStudioVersion = 10.0.40219.1
Project("{9A19103F-16F7-4668-BE54-9A1E7A4F7556}") = "kt_web_api", "kt_web_api.csproj", "{CBFB3ED9-26AE-45AA-84F5-6EFF6F66CA6A}"
EndProject
Global
	GlobalSection(SolutionConfigurationPlatforms) = preSolution
		Debug|Any CPU = Debug|Any CPU
		Release|Any CPU = Release|Any CPU
	EndGlobalSection
	GlobalSection(ProjectConfigurationPlatforms) = postSolution
		{CBFB3ED9-26AE-45AA-84F5-6EFF6F66CA6A}.Debug|Any CPU.ActiveCfg = Debug|Any CPU
		{CBFB3ED9-26AE-45AA-84F5-6EFF6F66CA6A}.Debug|Any CPU.Build.0 = Debug|Any CPU
		{CBFB3ED9-26AE-45AA-84F5-6EFF6F66CA6A}.Release|Any CPU.ActiveCfg = Release|Any CPU
		{CBFB3ED9-26AE-45AA-84F5-6EFF6F66CA6A}.Release|Any CPU.Build.0 = Release|Any CPU
	EndGlobalSection
	GlobalSection(SolutionProperties) = preSolution
		HideSolutionNode = FALSE
	EndGlobalSection
	GlobalSection(ExtensibilityGlobals) = postSolution
		SolutionGuid = {D1492169-502F-4FE4-A41B-23DEF889AE48}
	EndGlobalSection
EndGlobal
